
Microsoft Visual Studio Solution File, Format Version 12.00
# Visual Studio Version 16
VisualStudioVersion = 16.0.30309.148
MinimumVisualStudioVersion = 10.0.40219.1
Project("{FAE04EC0-301F-11D3-BF4B-00C04F79EFBC}") = "PCDMS", "PCDMS\PCDMS.csproj", "{89EB01B4-D08F-484E-92ED-0435DDDA690E}"
EndProject
Global
	GlobalSection(SolutionConfigurationPlatforms) = preSolution
		Debug|Any CPU = Debug|Any CPU
		Release|Any CPU = Release|Any CPU
	EndGlobalSection
	GlobalSection(ProjectConfigurationPlatforms) = postSolution
		{89EB01B4-D08F-484E-92ED-0435DDDA690E}.Debug|Any CPU.ActiveCfg = Debug|Any CPU
		{89EB01B4-D08F-484E-92ED-0435DDDA690E}.Debug|Any CPU.Build.0 = Debug|Any CPU
		{89EB01B4-D08F-484E-92ED-0435DDDA690E}.Release|Any CPU.ActiveCfg = Release|Any CPU
		{89EB01B4-D08F-484E-92ED-0435DDDA690E}.Release|Any CPU.Build.0 = Release|Any CPU
	EndGlobalSection
	GlobalSection(SolutionProperties) = preSolution
		HideSolutionNode = FALSE
	EndGlobalSection
	GlobalSection(ExtensibilityGlobals) = postSolution
		SolutionGuid = {2407ED04-56A4-4398-B3D4-3DF9B2C05C15}
	EndGlobalSection
EndGlobal
